Microsoft Visual Studio Solution File, Format Version 12.00
# Visual Studio Version 17
VisualStudioVersion = 17.5.2.0
MinimumVisualStudioVersion = 10.0.40219.1
Project("{FAE04EC0-301F-11D3-BF4B-00C04F79EFBC}") = "GestionBibliotheque.Blazor", "GestionBibliotheque.Blazor.csproj", "{672EAC0D-1AD5-1032-70EF-27D0634230FE}"
EndProject
Global
	GlobalSection(SolutionConfigurationPlatforms) = preSolution
		Debug|Any CPU = Debug|Any CPU
		Release|Any CPU = Release|Any CPU
	EndGlobalSection
	GlobalSection(ProjectConfigurationPlatforms) = postSolution
		{672EAC0D-1AD5-1032-70EF-27D0634230FE}.Debug|Any CPU.ActiveCfg = Debug|Any CPU
		{672EAC0D-1AD5-1032-70EF-27D0634230FE}.Debug|Any CPU.Build.0 = Debug|Any CPU
		{672EAC0D-1AD5-1032-70EF-27D0634230FE}.Release|Any CPU.ActiveCfg = Release|Any CPU
		{672EAC0D-1AD5-1032-70EF-27D0634230FE}.Release|Any CPU.Build.0 = Release|Any CPU
	EndGlobalSection
	GlobalSection(SolutionProperties) = preSolution
		HideSolutionNode = FALSE
	EndGlobalSection
	GlobalSection(ExtensibilityGlobals) = postSolution
		SolutionGuid = {B19111BF-CF47-4D8A-AB9A-97A43C9EBCA2}
	EndGlobalSection
EndGlobal
